{
  "name": "@abla86/academic-research-engine",
  "version": "2.0.0",
  "lockfileVersion": 3,
  "requires": true,
  "packages": {
    "": {
      "name": "@abla86/academic-research-engine",
      "version": "2.0.0",
      "dependencies": {
        "@google/genai": "^2.21.0",
        "cors": "^2.8.5",
        "dotenv": "^17.2.3",
        "express": "^4.21.2",
        "mammoth": "^1.12.2",
        "pdfjs-dist": "^6.3.289"
      },
      "devDependencies": {
        "@types/cors": "^2.8.17",
        "@types/express": "^5.0.0",
        "@types/node": "^22.14.0",
        "tsx": "^4.21.0",
        "typescript": "^5.8.2"
      }
    }
  }
}
